{
    "_readme": [
        "This file locks the dependencies of your project to a known state",
        "Read more about it at https://getcomposer.org/doc/01-basic-usage.md#installing-dependencies",
        "This file is @generated automatically"
    ],
    "content-hash": "11432ca5b1c18de951eb7c1c13ccfebe",
    "packages": [
        {
            "name": "ankane/onnxruntime",
            "version": "v0.2.6",
            "source": {
                "type": "git",
                "url": "https://github.com/ankane/onnxruntime-php.git",
                "reference": "4dadec73962d01c86ef3dc1cb552288941ce85af"
            },
            "dist": {
                "type": "zip",
                "url": "https://api.github.com/repos/ankane/onnxruntime-php/zipball/4dadec73962d01c86ef3dc1cb552288941ce85af",
                "reference": "4dadec73962d01c86ef3dc1cb552288941ce85af",
                "shasum": ""
            },
            "require": {
                "ext-ffi": ">= 8.1",
                "php": ">= 8.1"
            },
            "require-dev": {
                "phpunit/phpunit": "^10"
            },
            "type": "library",
            "autoload": {
                "psr-4": {
                    "OnnxRuntime\\": "src/"
                }
            },
            "notification-url": "https://packagist.org/downloads/",
            "license": [
                "MIT"
            ],
            "authors": [
                {
                    "name": "Andrew Kane",
                    "email": "andrew@ankane.org"
                }
            ],
            "description": "Run ONNX models in PHP",
            "support": {
                "issues": "https://github.com/ankane/onnxruntime-php/issues",
                "source": "https://github.com/ankane/onnxruntime-php"
            },
            "time": "2025-03-22T03:37:25+00:00"
        }
    ],
    "packages-dev": [],
    "aliases": [],
    "minimum-stability": "stable",
    "stability-flags": {},
    "prefer-stable": false,
    "prefer-lowest": false,
    "platform": {},
    "platform-dev": {},
    "plugin-api-version": "2.6.0"
}
